
Microsoft Visual Studio Solution File, Format Version 12.00
# Visual Studio Version 17
VisualStudioVersion = 17.14.36121.58
MinimumVisualStudioVersion = 10.0.40219.1
Project("{FAE04EC0-301F-11D3-BF4B-00C04F79EFBC}") = "Instancer.Server", "Instancer.Server\Instancer.Server.csproj", "{D26E3DBB-E4A2-429D-97ED-6576411A0439}"
EndProject
Project("{2150E333-8FDC-42A3-9474-1A3956D46DE8}") = "Remote", "Remote", "{02EA681E-C7D8-13C7-8484-4AC65E1B71E8}"
EndProject
Project("{2150E333-8FDC-42A3-9474-1A3956D46DE8}") = "Local", "Local", "{A73677E8-310B-457E-B2F5-328AF76AB841}"
EndProject
Project("{FAE04EC0-301F-11D3-BF4B-00C04F79EFBC}") = "Instancer.Daemon", "Instancer.Daemon\Instancer.Daemon.csproj", "{7BC74442-4061-4D8A-8E07-7A0346262E0B}"
EndProject
Project("{FAE04EC0-301F-11D3-BF4B-00C04F79EFBC}") = "Instancer.Cli", "Instancer.Cli\Instancer.Cli.csproj", "{55720469-3AF3-44FA-94D6-08E77840D151}"
EndProject
Project("{FAE04EC0-301F-11D3-BF4B-00C04F79EFBC}") = "Instancer.Server.Tests", "Instancer.Server.Tests\Instancer.Server.Tests.csproj", "{AFB44C64-6C84-4A31-A48E-A6109382E9F3}"
EndProject
Project("{FAE04EC0-301F-11D3-BF4B-00C04F79EFBC}") = "Instancer.Cli.Tests", "Instancer.Cli.Tests\Instancer.Cli.Tests.csproj", "{3D930C3B-D3DF-46D2-9FC2-9AF9E16FA782}"
EndProject
Project("{FAE04EC0-301F-11D3-BF4B-00C04F79EFBC}") = "Instancer.Daemon.Tests", "Instancer.Daemon.Tests\Instancer.Daemon.Tests.csproj", "{2128243F-1274-489F-92AE-5B72533AB9C2}"
EndProject
Global
	GlobalSection(SolutionConfigurationPlatforms) = preSolution
		Debug|Any CPU = Debug|Any CPU
		Release|Any CPU = Release|Any CPU
	EndGlobalSection
	GlobalSection(ProjectConfigurationPlatforms) = postSolution
		{D26E3DBB-E4A2-429D-97ED-6576411A0439}.Debug|Any CPU.ActiveCfg = Debug|Any CPU
		{D26E3DBB-E4A2-429D-97ED-6576411A0439}.Debug|Any CPU.Build.0 = Debug|Any CPU
		{D26E3DBB-E4A2-429D-97ED-6576411A0439}.Release|Any CPU.ActiveCfg = Release|Any CPU
		{D26E3DBB-E4A2-429D-97ED-6576411A0439}.Release|Any CPU.Build.0 = Release|Any CPU
		{7BC74442-4061-4D8A-8E07-7A0346262E0B}.Debug|Any CPU.ActiveCfg = Debug|Any CPU
		{7BC74442-4061-4D8A-8E07-7A0346262E0B}.Debug|Any CPU.Build.0 = Debug|Any CPU
		{7BC74442-4061-4D8A-8E07-7A0346262E0B}.Release|Any CPU.ActiveCfg = Release|Any CPU
		{7BC74442-4061-4D8A-8E07-7A0346262E0B}.Release|Any CPU.Build.0 = Release|Any CPU
		{55720469-3AF3-44FA-94D6-08E77840D151}.Debug|Any CPU.ActiveCfg = Debug|Any CPU
		{55720469-3AF3-44FA-94D6-08E77840D151}.Debug|Any CPU.Build.0 = Debug|Any CPU
		{55720469-3AF3-44FA-94D6-08E77840D151}.Release|Any CPU.ActiveCfg = Release|Any CPU
		{55720469-3AF3-44FA-94D6-08E77840D151}.Release|Any CPU.Build.0 = Release|Any CPU
		{AFB44C64-6C84-4A31-A48E-A6109382E9F3}.Debug|Any CPU.ActiveCfg = Debug|Any CPU
		{AFB44C64-6C84-4A31-A48E-A6109382E9F3}.Debug|Any CPU.Build.0 = Debug|Any CPU
		{AFB44C64-6C84-4A31-A48E-A6109382E9F3}.Release|Any CPU.ActiveCfg = Release|Any CPU
		{AFB44C64-6C84-4A31-A48E-A6109382E9F3}.Release|Any CPU.Build.0 = Release|Any CPU
		{3D930C3B-D3DF-46D2-9FC2-9AF9E16FA782}.Debug|Any CPU.ActiveCfg = Debug|Any CPU
		{3D930C3B-D3DF-46D2-9FC2-9AF9E16FA782}.Debug|Any CPU.Build.0 = Debug|Any CPU
		{3D930C3B-D3DF-46D2-9FC2-9AF9E16FA782}.Release|Any CPU.ActiveCfg = Release|Any CPU
		{3D930C3B-D3DF-46D2-9FC2-9AF9E16FA782}.Release|Any CPU.Build.0 = Release|Any CPU
		{2128243F-1274-489F-92AE-5B72533AB9C2}.Debug|Any CPU.ActiveCfg = Debug|Any CPU
		{2128243F-1274-489F-92AE-5B72533AB9C2}.Debug|Any CPU.Build.0 = Debug|Any CPU
		{2128243F-1274-489F-92AE-5B72533AB9C2}.Release|Any CPU.ActiveCfg = Release|Any CPU
		{2128243F-1274-489F-92AE-5B72533AB9C2}.Release|Any CPU.Build.0 = Release|Any CPU
	EndGlobalSection
	GlobalSection(SolutionProperties) = preSolution
		HideSolutionNode = FALSE
	EndGlobalSection
	GlobalSection(NestedProjects) = preSolution
		{D26E3DBB-E4A2-429D-97ED-6576411A0439} = {02EA681E-C7D8-13C7-8484-4AC65E1B71E8}
		{7BC74442-4061-4D8A-8E07-7A0346262E0B} = {A73677E8-310B-457E-B2F5-328AF76AB841}
		{55720469-3AF3-44FA-94D6-08E77840D151} = {A73677E8-310B-457E-B2F5-328AF76AB841}
	EndGlobalSection
	GlobalSection(ExtensibilityGlobals) = postSolution
		SolutionGuid = {90EF94F4-55DF-43A8-89E3-28D853F5D870}
	EndGlobalSection
EndGlobal
